
Microsoft Visual Studio Solution File, Format Version 12.00
# Visual Studio 15
Project("{FAE04EC0-301F-11D3-BF4B-00C04F79EFBC}") = "Scripts", "Scripts.csproj", "{BE5644A5-71C6-8DB6-FC33-42C69A0986D9}"
EndProject
Project("{FAE04EC0-301F-11D3-BF4B-00C04F79EFBC}") = "NavMeshComponents", "NavMeshComponents.csproj", "{EB7F6E02-012F-7181-891C-2994EB03B256}"
EndProject
Project("{FAE04EC0-301F-11D3-BF4B-00C04F79EFBC}") = "Tests", "Tests.csproj", "{855EFA9D-742A-2DB2-E32F-C84BB3927382}"
EndProject
Project("{FAE04EC0-301F-11D3-BF4B-00C04F79EFBC}") = "Assembly-CSharp", "Assembly-CSharp.csproj", "{8BE7BB26-5B91-F682-7DD6-CE643D78F392}"
EndProject
Project("{FAE04EC0-301F-11D3-BF4B-00C04F79EFBC}") = "NavMeshComponentsEditor", "NavMeshComponentsEditor.csproj", "{355B0457-B280-4523-4EF0-8AC7C73F14A6}"
EndProject
Global
	GlobalSection(SolutionConfigurationPlatforms) = preSolution
		Debug|Any CPU = Debug|Any CPU
		Release|Any CPU = Release|Any CPU
	EndGlobalSection
	GlobalSection(ProjectConfigurationPlatforms) = postSolution
		{BE5644A5-71C6-8DB6-FC33-42C69A0986D9}.Debug|Any CPU.ActiveCfg = Debug|Any CPU
		{BE5644A5-71C6-8DB6-FC33-42C69A0986D9}.Debug|Any CPU.Build.0 = Debug|Any CPU
		{BE5644A5-71C6-8DB6-FC33-42C69A0986D9}.Release|Any CPU.ActiveCfg = Release|Any CPU
		{BE5644A5-71C6-8DB6-FC33-42C69A0986D9}.Release|Any CPU.Build.0 = Release|Any CPU
		{EB7F6E02-012F-7181-891C-2994EB03B256}.Debug|Any CPU.ActiveCfg = Debug|Any CPU
		{EB7F6E02-012F-7181-891C-2994EB03B256}.Debug|Any CPU.Build.0 = Debug|Any CPU
		{EB7F6E02-012F-7181-891C-2994EB03B256}.Release|Any CPU.ActiveCfg = Release|Any CPU
		{EB7F6E02-012F-7181-891C-2994EB03B256}.Release|Any CPU.Build.0 = Release|Any CPU
		{855EFA9D-742A-2DB2-E32F-C84BB3927382}.Debug|Any CPU.ActiveCfg = Debug|Any CPU
		{855EFA9D-742A-2DB2-E32F-C84BB3927382}.Debug|Any CPU.Build.0 = Debug|Any CPU
		{855EFA9D-742A-2DB2-E32F-C84BB3927382}.Release|Any CPU.ActiveCfg = Release|Any CPU
		{855EFA9D-742A-2DB2-E32F-C84BB3927382}.Release|Any CPU.Build.0 = Release|Any CPU
		{8BE7BB26-5B91-F682-7DD6-CE643D78F392}.Debug|Any CPU.ActiveCfg = Debug|Any CPU
		{8BE7BB26-5B91-F682-7DD6-CE643D78F392}.Debug|Any CPU.Build.0 = Debug|Any CPU
		{8BE7BB26-5B91-F682-7DD6-CE643D78F392}.Release|Any CPU.ActiveCfg = Release|Any CPU
		{8BE7BB26-5B91-F682-7DD6-CE643D78F392}.Release|Any CPU.Build.0 = Release|Any CPU
		{355B0457-B280-4523-4EF0-8AC7C73F14A6}.Debug|Any CPU.ActiveCfg = Debug|Any CPU
		{355B0457-B280-4523-4EF0-8AC7C73F14A6}.Debug|Any CPU.Build.0 = Debug|Any CPU
		{355B0457-B280-4523-4EF0-8AC7C73F14A6}.Release|Any CPU.ActiveCfg = Release|Any CPU
		{355B0457-B280-4523-4EF0-8AC7C73F14A6}.Release|Any CPU.Build.0 = Release|Any CPU
	EndGlobalSection
	GlobalSection(SolutionProperties) = preSolution
		HideSolutionNode = FALSE
	EndGlobalSection
EndGlobal
