
Microsoft Visual Studio Solution File, Format Version 11.00
# Visual Studio 2010
Project("{FAE04EC0-301F-11D3-BF4B-00C04F79EFBC}") = "Scripts", "Scripts.csproj", "{a54456be-c671-b68d-fc33-42c69a0986d9}"
EndProject
Project("{FAE04EC0-301F-11D3-BF4B-00C04F79EFBC}") = "NavMeshComponents", "NavMeshComponents.csproj", "{026e7feb-2f01-8171-891c-2994eb03b256}"
EndProject
Project("{FAE04EC0-301F-11D3-BF4B-00C04F79EFBC}") = "Tests", "Tests.csproj", "{9dfa5e85-2a74-b22d-e32f-c84bb3927382}"
EndProject
Project("{FAE04EC0-301F-11D3-BF4B-00C04F79EFBC}") = "NavMeshComponentsEditor", "NavMeshComponentsEditor.csproj", "{57045b35-80b2-2345-4ef0-8ac7c73f14a6}"
EndProject
Global
	GlobalSection(SolutionConfigurationPlatforms) = preSolution
		Debug|Any CPU = Debug|Any CPU
		Release|Any CPU = Release|Any CPU
	EndGlobalSection
	GlobalSection(ProjectConfigurationPlatforms) = postSolution
		{a54456be-c671-b68d-fc33-42c69a0986d9}.Debug|Any CPU.ActiveCfg = Debug|Any CPU
		{a54456be-c671-b68d-fc33-42c69a0986d9}.Debug|Any CPU.Build.0 = Debug|Any CPU
		{a54456be-c671-b68d-fc33-42c69a0986d9}.Release|Any CPU.ActiveCfg = Release|Any CPU
		{a54456be-c671-b68d-fc33-42c69a0986d9}.Release|Any CPU.Build.0 = Release|Any CPU
		{026e7feb-2f01-8171-891c-2994eb03b256}.Debug|Any CPU.ActiveCfg = Debug|Any CPU
		{026e7feb-2f01-8171-891c-2994eb03b256}.Debug|Any CPU.Build.0 = Debug|Any CPU
		{026e7feb-2f01-8171-891c-2994eb03b256}.Release|Any CPU.ActiveCfg = Release|Any CPU
		{026e7feb-2f01-8171-891c-2994eb03b256}.Release|Any CPU.Build.0 = Release|Any CPU
		{9dfa5e85-2a74-b22d-e32f-c84bb3927382}.Debug|Any CPU.ActiveCfg = Debug|Any CPU
		{9dfa5e85-2a74-b22d-e32f-c84bb3927382}.Debug|Any CPU.Build.0 = Debug|Any CPU
		{9dfa5e85-2a74-b22d-e32f-c84bb3927382}.Release|Any CPU.ActiveCfg = Release|Any CPU
		{9dfa5e85-2a74-b22d-e32f-c84bb3927382}.Release|Any CPU.Build.0 = Release|Any CPU
		{57045b35-80b2-2345-4ef0-8ac7c73f14a6}.Debug|Any CPU.ActiveCfg = Debug|Any CPU
		{57045b35-80b2-2345-4ef0-8ac7c73f14a6}.Debug|Any CPU.Build.0 = Debug|Any CPU
		{57045b35-80b2-2345-4ef0-8ac7c73f14a6}.Release|Any CPU.ActiveCfg = Release|Any CPU
		{57045b35-80b2-2345-4ef0-8ac7c73f14a6}.Release|Any CPU.Build.0 = Release|Any CPU
	EndGlobalSection
	GlobalSection(SolutionProperties) = preSolution
		HideSolutionNode = FALSE
	EndGlobalSection
EndGlobal
